
Microsoft Visual Studio Solution File, Format Version 12.00
# Visual Studio Version 18
VisualStudioVersion = 18.2.11408.102
MinimumVisualStudioVersion = 10.0.40219.1
Project("{FAE04EC0-301F-11D3-BF4B-00C04F79EFBC}") = "Hallie", "Hallie\Hallie.csproj", "{5D870161-32F8-4C85-9343-8D8255522735}"
EndProject
Project("{FAE04EC0-301F-11D3-BF4B-00C04F79EFBC}") = "ExternalServices", "ExternalServices\ExternalServices.csproj", "{A262D536-DE6B-4D1C-8774-BFDD307EB050}"
EndProject
Project("{2150E333-8FDC-42A3-9474-1A3956D46DE8}") = "IHM", "IHM", "{11D417AD-4E8E-4776-9309-E13DAE67ADF5}"
EndProject
Project("{2150E333-8FDC-42A3-9474-1A3956D46DE8}") = "Core", "Core", "{BF2A85AA-1F73-431F-B016-7685DB72A07E}"
EndProject
Project("{FAE04EC0-301F-11D3-BF4B-00C04F79EFBC}") = "HallieCore", "HallieCore\HallieCore.csproj", "{F15DBB86-5AEC-4868-ABDE-475457329348}"
EndProject
Project("{FAE04EC0-301F-11D3-BF4B-00C04F79EFBC}") = "HallieDomain", "HallieDomain\HallieDomain.csproj", "{5829A88D-406E-4F07-A952-E708F8096DB7}"
EndProject
Global
	GlobalSection(SolutionConfigurationPlatforms) = preSolution
		Debug|Any CPU = Debug|Any CPU
		Debug|x64 = Debug|x64
		Release|Any CPU = Release|Any CPU
		Release|x64 = Release|x64
	EndGlobalSection
	GlobalSection(ProjectConfigurationPlatforms) = postSolution
		{5D870161-32F8-4C85-9343-8D8255522735}.Debug|Any CPU.ActiveCfg = Debug|Any CPU
		{5D870161-32F8-4C85-9343-8D8255522735}.Debug|Any CPU.Build.0 = Debug|Any CPU
		{5D870161-32F8-4C85-9343-8D8255522735}.Debug|x64.ActiveCfg = Debug|x64
		{5D870161-32F8-4C85-9343-8D8255522735}.Debug|x64.Build.0 = Debug|x64
		{5D870161-32F8-4C85-9343-8D8255522735}.Release|Any CPU.ActiveCfg = Release|Any CPU
		{5D870161-32F8-4C85-9343-8D8255522735}.Release|Any CPU.Build.0 = Release|Any CPU
		{5D870161-32F8-4C85-9343-8D8255522735}.Release|x64.ActiveCfg = Release|x64
		{5D870161-32F8-4C85-9343-8D8255522735}.Release|x64.Build.0 = Release|x64
		{A262D536-DE6B-4D1C-8774-BFDD307EB050}.Debug|Any CPU.ActiveCfg = Debug|Any CPU
		{A262D536-DE6B-4D1C-8774-BFDD307EB050}.Debug|Any CPU.Build.0 = Debug|Any CPU
		{A262D536-DE6B-4D1C-8774-BFDD307EB050}.Debug|x64.ActiveCfg = Debug|Any CPU
		{A262D536-DE6B-4D1C-8774-BFDD307EB050}.Debug|x64.Build.0 = Debug|Any CPU
		{A262D536-DE6B-4D1C-8774-BFDD307EB050}.Release|Any CPU.ActiveCfg = Release|Any CPU
		{A262D536-DE6B-4D1C-8774-BFDD307EB050}.Release|Any CPU.Build.0 = Release|Any CPU
		{A262D536-DE6B-4D1C-8774-BFDD307EB050}.Release|x64.ActiveCfg = Release|Any CPU
		{A262D536-DE6B-4D1C-8774-BFDD307EB050}.Release|x64.Build.0 = Release|Any CPU
		{F15DBB86-5AEC-4868-ABDE-475457329348}.Debug|Any CPU.ActiveCfg = Debug|Any CPU
		{F15DBB86-5AEC-4868-ABDE-475457329348}.Debug|Any CPU.Build.0 = Debug|Any CPU
		{F15DBB86-5AEC-4868-ABDE-475457329348}.Debug|x64.ActiveCfg = Debug|Any CPU
		{F15DBB86-5AEC-4868-ABDE-475457329348}.Debug|x64.Build.0 = Debug|Any CPU
		{F15DBB86-5AEC-4868-ABDE-475457329348}.Release|Any CPU.ActiveCfg = Release|Any CPU
		{F15DBB86-5AEC-4868-ABDE-475457329348}.Release|Any CPU.Build.0 = Release|Any CPU
		{F15DBB86-5AEC-4868-ABDE-475457329348}.Release|x64.ActiveCfg = Release|Any CPU
		{F15DBB86-5AEC-4868-ABDE-475457329348}.Release|x64.Build.0 = Release|Any CPU
		{5829A88D-406E-4F07-A952-E708F8096DB7}.Debug|Any CPU.ActiveCfg = Debug|Any CPU
		{5829A88D-406E-4F07-A952-E708F8096DB7}.Debug|Any CPU.Build.0 = Debug|Any CPU
		{5829A88D-406E-4F07-A952-E708F8096DB7}.Debug|x64.ActiveCfg = Debug|Any CPU
		{5829A88D-406E-4F07-A952-E708F8096DB7}.Debug|x64.Build.0 = Debug|Any CPU
		{5829A88D-406E-4F07-A952-E708F8096DB7}.Release|Any CPU.ActiveCfg = Release|Any CPU
		{5829A88D-406E-4F07-A952-E708F8096DB7}.Release|Any CPU.Build.0 = Release|Any CPU
		{5829A88D-406E-4F07-A952-E708F8096DB7}.Release|x64.ActiveCfg = Release|Any CPU
		{5829A88D-406E-4F07-A952-E708F8096DB7}.Release|x64.Build.0 = Release|Any CPU
	EndGlobalSection
	GlobalSection(SolutionProperties) = preSolution
		HideSolutionNode = FALSE
	EndGlobalSection
	GlobalSection(NestedProjects) = preSolution
		{5D870161-32F8-4C85-9343-8D8255522735} = {11D417AD-4E8E-4776-9309-E13DAE67ADF5}
		{A262D536-DE6B-4D1C-8774-BFDD307EB050} = {BF2A85AA-1F73-431F-B016-7685DB72A07E}
		{F15DBB86-5AEC-4868-ABDE-475457329348} = {BF2A85AA-1F73-431F-B016-7685DB72A07E}
		{5829A88D-406E-4F07-A952-E708F8096DB7} = {BF2A85AA-1F73-431F-B016-7685DB72A07E}
	EndGlobalSection
	GlobalSection(ExtensibilityGlobals) = postSolution
		SolutionGuid = {D44394CC-9235-490D-97D7-88EE0295CF29}
	EndGlobalSection
EndGlobal
